{
  "name": "casilisk",
  "version": "1.0.4",
  "lockfileVersion": 1,
  "requires": true,
  "dependencies": {
    "@types/lodash": {
      "version": "4.14.189",
      "resolved": "https://registry.npmjs.org/@types/lodash/-/lodash-4.14.189.tgz",
      "integrity": "sha512-kb9/98N6X8gyME9Cf7YaqIMvYGnBSWqEci6tiettE6iJWH1XdJz/PO8LB0GtLCG7x8dU3KWhZT+lA1a35127tA==",
      "dev": true
    },
    "lodash": {
      "version": "4.17.21",
      "resolved": "https://registry.npmjs.org/lodash/-/lodash-4.17.21.tgz",
      "integrity": "sha512-v2kDEe57lecTulaDIuNTPy3Ry4gLGJ6Z1O3vE1krgXZNrsQ+LFTGHVxVjcXPs17LhbZVGedAJv8XZ1tvj5FvSg=="
    },
    "rambda": {
      "version": "7.3.0",
      "resolved": "https://registry.npmjs.org/rambda/-/rambda-7.3.0.tgz",
      "integrity": "sha512-RFVofZYaG2TaVcxjnM0ejdVWf/59rFq1f57OGnjP3GT/bthzFw0GVr5rkP9PKbVlEuF/Y7bOVPLfiiYfxq/EWQ=="
    },
    "typescript": {
      "version": "4.9.3",
      "resolved": "https://registry.npmjs.org/typescript/-/typescript-4.9.3.tgz",
      "integrity": "sha512-CIfGzTelbKNEnLpLdGFgdyKhG23CKdKgQPOBc+OUNrkJ2vr+KSzsSV5kq5iWhEQbok+quxgGzrAtGWCyU7tHnA=="
    }
  }
}
