# THIS IS AN AUTOGENERATED FILE. DO NOT EDIT THIS FILE DIRECTLY.
# yarn lockfile v1


"@types/lodash@^4.14.188":
  version "4.14.188"
  resolved "https://registry.yarnpkg.com/@types/lodash/-/lodash-4.14.188.tgz#e4990c4c81f7c9b00c5ff8eae389c10f27980da5"
  integrity sha512-zmEmF5OIM3rb7SbLCFYoQhO4dGt2FRM9AMkxvA3LaADOF1n8in/zGJlWji9fmafLoNyz+FoL6FE0SLtGIArD7w==

lodash@^4.17.21:
  version "4.17.21"
  resolved "https://registry.yarnpkg.com/lodash/-/lodash-4.17.21.tgz#679591c564c3bffaae8454cf0b3df370c3d6911c"
  integrity sha512-v2kDEe57lecTulaDIuNTPy3Ry4gLGJ6Z1O3vE1krgXZNrsQ+LFTGHVxVjcXPs17LhbZVGedAJv8XZ1tvj5FvSg==

rambda@^7.3.0:
  version "7.3.0"
  resolved "https://registry.yarnpkg.com/rambda/-/rambda-7.3.0.tgz#90e440ead53030a216093865d8d97997a80868ca"
  integrity sha512-RFVofZYaG2TaVcxjnM0ejdVWf/59rFq1f57OGnjP3GT/bthzFw0GVr5rkP9PKbVlEuF/Y7bOVPLfiiYfxq/EWQ==

typescript@^4.8.4:
  version "4.8.4"
  resolved "https://registry.yarnpkg.com/typescript/-/typescript-4.8.4.tgz#c464abca159669597be5f96b8943500b238e60e6"
  integrity sha512-QCh+85mCy+h0IGff8r5XWzOVSbBO+KfeYrMQh7NJ58QujwcE22u+NUSmUxqF+un70P9GXKxa2HCNiTTMJknyjQ==
